
Microsoft Visual Studio Solution File, Format Version 12.00
# Visual Studio 15
VisualStudioVersion = 15.0.28010.2036
MinimumVisualStudioVersion = 10.0.40219.1
Project("{FAE04EC0-301F-11D3-BF4B-00C04F79EFBC}") = "Recursion", "Recursion\Recursion.csproj", "{0FEA0A63-D038-4AA0-B978-43B173E6AE28}"
EndProject
Global
	GlobalSection(SolutionConfigurationPlatforms) = preSolution
		Debug|Any CPU = Debug|Any CPU
		Release|Any CPU = Release|Any CPU
	EndGlobalSection
	GlobalSection(ProjectConfigurationPlatforms) = postSolution
		{0FEA0A63-D038-4AA0-B978-43B173E6AE28}.Debug|Any CPU.ActiveCfg = Debug|Any CPU
		{0FEA0A63-D038-4AA0-B978-43B173E6AE28}.Debug|Any CPU.Build.0 = Debug|Any CPU
		{0FEA0A63-D038-4AA0-B978-43B173E6AE28}.Release|Any CPU.ActiveCfg = Release|Any CPU
		{0FEA0A63-D038-4AA0-B978-43B173E6AE28}.Release|Any CPU.Build.0 = Release|Any CPU
	EndGlobalSection
	GlobalSection(SolutionProperties) = preSolution
		HideSolutionNode = FALSE
	EndGlobalSection
	GlobalSection(ExtensibilityGlobals) = postSolution
		SolutionGuid = {E2696A30-5BA9-43C0-8D18-82BFB1D0142B}
	EndGlobalSection
EndGlobal
